// !$*UTF8*$!
{
	archiveVersion = 1;
	classes = {
	};
	objectVersion = 50;
	objects = {

/* Begin PBXBuildFile section */
		6700A46D25F5097B0074DE73 /* HexagonParameters.swift in Sources */ = {isa = PBXBuildFile; fileRef = 6700A46C25F5097B0074DE73 /* HexagonParameters.swift */; };
		6700A47025F50C310074DE73 /* BadgeBackground.swift in Sources */ = {isa = PBXBuildFile; fileRef = 6700A46F25F50C310074DE73 /* BadgeBackground.swift */; };
		6700A47325F538460074DE73 /* BadgeSymbol.swift in Sources */ = {isa = PBXBuildFile; fileRef = 6700A47225F538460074DE73 /* BadgeSymbol.swift */; };
		673612C125F177E30013ED08 /* MapView.swift in Sources */ = {isa = PBXBuildFile; fileRef = 673612C025F177E30013ED08 /* MapView.swift */; };
		673612C625F1958A0013ED08 /* CircleImage.swift in Sources */ = {isa = PBXBuildFile; fileRef = 673612C525F1958A0013ED08 /* CircleImage.swift */; };
		673612CA25F1C9A70013ED08 /* landmarkData.json in Resources */ = {isa = PBXBuildFile; fileRef = 673612C925F1C9A70013ED08 /* landmarkData.json */; };
		673612CD25F1C9D50013ED08 /* Landmark.swift in Sources */ = {isa = PBXBuildFile; fileRef = 673612CC25F1C9D50013ED08 /* Landmark.swift */; };
		673612D025F1CDF10013ED08 /* ModelData.swift in Sources */ = {isa = PBXBuildFile; fileRef = 673612CF25F1CDF10013ED08 /* ModelData.swift */; };
		673612D625F1CF2B0013ED08 /* LandmarkRow.swift in Sources */ = {isa = PBXBuildFile; fileRef = 673612D525F1CF2B0013ED08 /* LandmarkRow.swift */; };
		673612DA25F1D1520013ED08 /* LandmarksList.swift in Sources */ = {isa = PBXBuildFile; fileRef = 673612D925F1D1520013ED08 /* LandmarksList.swift */; };
		673612DD25F1D4B00013ED08 /* LandmarkDetailView.swift in Sources */ = {isa = PBXBuildFile; fileRef = 673612DC25F1D4B00013ED08 /* LandmarkDetailView.swift */; };
		67399C5825F2C25C00711169 /* FavoriteButton.swift in Sources */ = {isa = PBXBuildFile; fileRef = 67399C5725F2C25B00711169 /* FavoriteButton.swift */; };
		6766256F25EF3B9A00FB4707 /* LandmarksApp.swift in Sources */ = {isa = PBXBuildFile; fileRef = 6766256E25EF3B9A00FB4707 /* LandmarksApp.swift */; };
		6766257125EF3B9A00FB4707 /* ContentView.swift in Sources */ = {isa = PBXBuildFile; fileRef = 6766257025EF3B9A00FB4707 /* ContentView.swift */; };
		6766257325EF3B9C00FB4707 /* Assets.xcassets in Resources */ = {isa = PBXBuildFile; fileRef = 6766257225EF3B9C00FB4707 /* Assets.xcassets */; };
		6766257625EF3B9C00FB4707 /* Preview Assets.xcassets in Resources */ = {isa = PBXBuildFile; fileRef = 6766257525EF3B9C00FB4707 /* Preview Assets.xcassets */; };
		67DAD3A125FF0B4B007E4EFB /* RotatedBadgeSymbol.swift in Sources */ = {isa = PBXBuildFile; fileRef = 67DAD3A025FF0B4B007E4EFB /* RotatedBadgeSymbol.swift */; };
		67DAD3A425FF0D3F007E4EFB /* Badge.swift in Sources */ = {isa = PBXBuildFile; fileRef = 67DAD3A325FF0D3F007E4EFB /* Badge.swift */; };
/* End PBXBuildFile section */

/* Begin PBXFileReference section */
		6700A46C25F5097B0074DE73 /* HexagonParameters.swift */ = {isa = PBXFileReference; lastKnownFileType = sourcecode.swift; path = HexagonParameters.swift; sourceTree = "<group>"; };
		6700A46F25F50C310074DE73 /* BadgeBackground.swift */ = {isa = PBXFileReference; lastKnownFileType = sourcecode.swift; path = BadgeBackground.swift; sourceTree = "<group>"; };
		6700A47225F538460074DE73 /* BadgeSymbol.swift */ = {isa = PBXFileReference; lastKnownFileType = sourcecode.swift; path = BadgeSymbol.swift; sourceTree = "<group>"; };
		673612C025F177E30013ED08 /* MapView.swift */ = {isa = PBXFileReference; lastKnownFileType = sourcecode.swift; path = MapView.swift; sourceTree = "<group>"; };
		673612C525F1958A0013ED08 /* CircleImage.swift */ = {isa = PBXFileReference; lastKnownFileType = sourcecode.swift; path = CircleImage.swift; sourceTree = "<group>"; };
		673612C925F1C9A70013ED08 /* landmarkData.json */ = {isa = PBXFileReference; fileEncoding = 4; lastKnownFileType = text.json; path = landmarkData.json; sourceTree = "<group>"; };
		673612CC25F1C9D50013ED08 /* Landmark.swift */ = {isa = PBXFileReference; lastKnownFileType = sourcecode.swift; path = Landmark.swift; sourceTree = "<group>"; };
		673612CF25F1CDF10013ED08 /* ModelData.swift */ = {isa = PBXFileReference; lastKnownFileType = sourcecode.swift; path = ModelData.swift; sourceTree = "<group>"; };
		673612D525F1CF2B0013ED08 /* LandmarkRow.swift */ = {isa = PBXFileReference; lastKnownFileType = sourcecode.swift; path = LandmarkRow.swift; sourceTree = "<group>"; };
		673612D925F1D1520013ED08 /* LandmarksList.swift */ = {isa = PBXFileReference; lastKnownFileType = sourcecode.swift; path = LandmarksList.swift; sourceTree = "<group>"; };
		673612DC25F1D4B00013ED08 /* LandmarkDetailView.swift */ = {isa = PBXFileReference; lastKnownFileType = sourcecode.swift; path = LandmarkDetailView.swift; sourceTree = "<group>"; };
		67399C5725F2C25B00711169 /* FavoriteButton.swift */ = {isa = PBXFileReference; lastKnownFileType = sourcecode.swift; path = FavoriteButton.swift; sourceTree = "<group>"; };
		6766256B25EF3B9A00FB4707 /* Landmarks.app */ = {isa = PBXFileReference; explicitFileType = wrapper.application; includeInIndex = 0; path = Landmarks.app; sourceTree = BUILT_PRODUCTS_DIR; };
		6766256E25EF3B9A00FB4707 /* LandmarksApp.swift */ = {isa = PBXFileReference; lastKnownFileType = sourcecode.swift; path = LandmarksApp.swift; sourceTree = "<group>"; };
		6766257025EF3B9A00FB4707 /* ContentView.swift */ = {isa = PBXFileReference; lastKnownFileType = sourcecode.swift; path = ContentView.swift; sourceTree = "<group>"; };
		6766257225EF3B9C00FB4707 /* Assets.xcassets */ = {isa = PBXFileReference; lastKnownFileType = folder.assetcatalog; path = Assets.xcassets; sourceTree = "<group>"; };
		6766257525EF3B9C00FB4707 /* Preview Assets.xcassets */ = {isa = PBXFileReference; lastKnownFileType = folder.assetcatalog; path = "Preview Assets.xcassets"; sourceTree = "<group>"; };
		6766257725EF3B9C00FB4707 /* Info.plist */ = {isa = PBXFileReference; lastKnownFileType = text.plist.xml; path = Info.plist; sourceTree = "<group>"; };
		67DAD3A025FF0B4B007E4EFB /* RotatedBadgeSymbol.swift */ = {isa = PBXFileReference; lastKnownFileType = sourcecode.swift; path = RotatedBadgeSymbol.swift; sourceTree = "<group>"; };
		67DAD3A325FF0D3F007E4EFB /* Badge.swift */ = {isa = PBXFileReference; lastKnownFileType = sourcecode.swift; path = Badge.swift; sourceTree = "<group>"; };
/* End PBXFileReference section */

/* Begin PBXFrameworksBuildPhase section */
		6766256825EF3B9A00FB4707 /* Frameworks */ = {
			isa = PBXFrameworksBuildPhase;
			buildActionMask = 2147483647;
			files = (
			);
			runOnlyForDeploymentPostprocessing = 0;
		};
/* End PBXFrameworksBuildPhase section */

/* Begin PBXGroup section */
		673612D225F1CE690013ED08 /* Views */ = {
			isa = PBXGroup;
			children = (
				67DAD3A625FF0F80007E4EFB /* Badges */,
				6766257025EF3B9A00FB4707 /* ContentView.swift */,
				6700A46C25F5097B0074DE73 /* HexagonParameters.swift */,
				67399C5E25F2DEEC00711169 /* Landmarks */,
				67399C5A25F2DDA600711169 /* Helpers */,
			);
			path = Views;
			sourceTree = "<group>";
		};
		673612D325F1CE7B0013ED08 /* Model */ = {
			isa = PBXGroup;
			children = (
				673612CF25F1CDF10013ED08 /* ModelData.swift */,
				673612CC25F1C9D50013ED08 /* Landmark.swift */,
			);
			path = Model;
			sourceTree = "<group>";
		};
		673612D425F1CEA00013ED08 /* Resources */ = {
			isa = PBXGroup;
			children = (
				673612C925F1C9A70013ED08 /* landmarkData.json */,
			);
			path = Resources;
			sourceTree = "<group>";
		};
		67399C5A25F2DDA600711169 /* Helpers */ = {
			isa = PBXGroup;
			children = (
				673612C025F177E30013ED08 /* MapView.swift */,
				673612C525F1958A0013ED08 /* CircleImage.swift */,
				67399C5725F2C25B00711169 /* FavoriteButton.swift */,
			);
			path = Helpers;
			sourceTree = "<group>";
		};
		67399C5E25F2DEEC00711169 /* Landmarks */ = {
			isa = PBXGroup;
			children = (
				673612D525F1CF2B0013ED08 /* LandmarkRow.swift */,
				673612D925F1D1520013ED08 /* LandmarksList.swift */,
				673612DC25F1D4B00013ED08 /* LandmarkDetailView.swift */,
			);
			path = Landmarks;
			sourceTree = "<group>";
		};
		6766256225EF3B9A00FB4707 = {
			isa = PBXGroup;
			children = (
				6766256D25EF3B9A00FB4707 /* Landmarks */,
				6766256C25EF3B9A00FB4707 /* Products */,
			);
			sourceTree = "<group>";
		};
		6766256C25EF3B9A00FB4707 /* Products */ = {
			isa = PBXGroup;
			children = (
				6766256B25EF3B9A00FB4707 /* Landmarks.app */,
			);
			name = Products;
			sourceTree = "<group>";
		};
		6766256D25EF3B9A00FB4707 /* Landmarks */ = {
			isa = PBXGroup;
			children = (
				6766256E25EF3B9A00FB4707 /* LandmarksApp.swift */,
				673612D425F1CEA00013ED08 /* Resources */,
				673612D325F1CE7B0013ED08 /* Model */,
				673612D225F1CE690013ED08 /* Views */,
				6766257225EF3B9C00FB4707 /* Assets.xcassets */,
				6766257725EF3B9C00FB4707 /* Info.plist */,
				6766257425EF3B9C00FB4707 /* Preview Content */,
			);
			path = Landmarks;
			sourceTree = "<group>";
		};
		6766257425EF3B9C00FB4707 /* Preview Content */ = {
			isa = PBXGroup;
			children = (
				6766257525EF3B9C00FB4707 /* Preview Assets.xcassets */,
			);
			path = "Preview Content";
			sourceTree = "<group>";
		};
		67DAD3A625FF0F80007E4EFB /* Badges */ = {
			isa = PBXGroup;
			children = (
				6700A47225F538460074DE73 /* BadgeSymbol.swift */,
				67DAD3A325FF0D3F007E4EFB /* Badge.swift */,
				6700A46F25F50C310074DE73 /* BadgeBackground.swift */,
				67DAD3A025FF0B4B007E4EFB /* RotatedBadgeSymbol.swift */,
			);
			path = Badges;
			sourceTree = "<group>";
		};
/* End PBXGroup section */

/* Begin PBXNativeTarget section */
		6766256A25EF3B9A00FB4707 /* Landmarks */ = {
			isa = PBXNativeTarget;
			buildConfigurationList = 6766257A25EF3B9C00FB4707 /* Build configuration list for PBXNativeTarget "Landmarks" */;
			buildPhases = (
				6766256725EF3B9A00FB4707 /* Sources */,
				6766256825EF3B9A00FB4707 /* Frameworks */,
				6766256925EF3B9A00FB4707 /* Resources */,
			);
			buildRules = (
			);
			dependencies = (
			);
			name = Landmarks;
			productName = Landmarks;
			productReference = 6766256B25EF3B9A00FB4707 /* Landmarks.app */;
			productType = "com.apple.product-type.application";
		};
/* End PBXNativeTarget section */

/* Begin PBXProject section */
		6766256325EF3B9A00FB4707 /* Project object */ = {
			isa = PBXProject;
			attributes = {
				LastSwiftUpdateCheck = 1200;
				LastUpgradeCheck = 1200;
				TargetAttributes = {
					6766256A25EF3B9A00FB4707 = {
						CreatedOnToolsVersion = 12.0.1;
					};
				};
			};
			buildConfigurationList = 6766256625EF3B9A00FB4707 /* Build configuration list for PBXProject "Landmarks" */;
			compatibilityVersion = "Xcode 9.3";
			developmentRegion = en;
			hasScannedForEncodings = 0;
			knownRegions = (
				en,
				Base,
			);
			mainGroup = 6766256225EF3B9A00FB4707;
			productRefGroup = 6766256C25EF3B9A00FB4707 /* Products */;
			projectDirPath = "";
			projectRoot = "";
			targets = (
				6766256A25EF3B9A00FB4707 /* Landmarks */,
			);
		};
/* End PBXProject section */

/* Begin PBXResourcesBuildPhase section */
		6766256925EF3B9A00FB4707 /* Resources */ = {
			isa = PBXResourcesBuildPhase;
			buildActionMask = 2147483647;
			files = (
				6766257625EF3B9C00FB4707 /* Preview Assets.xcassets in Resources */,
				6766257325EF3B9C00FB4707 /* Assets.xcassets in Resources */,
				673612CA25F1C9A70013ED08 /* landmarkData.json in Resources */,
			);
			runOnlyForDeploymentPostprocessing = 0;
		};
/* End PBXResourcesBuildPhase section */

/* Begin PBXSourcesBuildPhase section */
		6766256725EF3B9A00FB4707 /* Sources */ = {
			isa = PBXSourcesBuildPhase;
			buildActionMask = 2147483647;
			files = (
				6766257125EF3B9A00FB4707 /* ContentView.swift in Sources */,
				67DAD3A425FF0D3F007E4EFB /* Badge.swift in Sources */,
				673612C625F1958A0013ED08 /* CircleImage.swift in Sources */,
				673612DD25F1D4B00013ED08 /* LandmarkDetailView.swift in Sources */,
				67399C5825F2C25C00711169 /* FavoriteButton.swift in Sources */,
				6700A46D25F5097B0074DE73 /* HexagonParameters.swift in Sources */,
				67DAD3A125FF0B4B007E4EFB /* RotatedBadgeSymbol.swift in Sources */,
				6700A47325F538460074DE73 /* BadgeSymbol.swift in Sources */,
				673612C125F177E30013ED08 /* MapView.swift in Sources */,
				6766256F25EF3B9A00FB4707 /* LandmarksApp.swift in Sources */,
				6700A47025F50C310074DE73 /* BadgeBackground.swift in Sources */,
				673612CD25F1C9D50013ED08 /* Landmark.swift in Sources */,
				673612D625F1CF2B0013ED08 /* LandmarkRow.swift in Sources */,
				673612D025F1CDF10013ED08 /* ModelData.swift in Sources */,
				673612DA25F1D1520013ED08 /* LandmarksList.swift in Sources */,
			);
			runOnlyForDeploymentPostprocessing = 0;
		};
/* End PBXSourcesBuildPhase section */

/* Begin XCBuildConfiguration section */
		6766257825EF3B9C00FB4707 /* Debug */ = {
			isa = XCBuildConfiguration;
			buildSettings = {
				ALWAYS_SEARCH_USER_PATHS = NO;
				CLANG_ANALYZER_NONNULL = YES;
				CLANG_ANALYZER_NUMBER_OBJECT_CONVERSION = YES_AGGRESSIVE;
				CLANG_CXX_LANGUAGE_STANDARD = "gnu++14";
				CLANG_CXX_LIBRARY = "libc++";
				CLANG_ENABLE_MODULES = YES;
				CLANG_ENABLE_OBJC_ARC = YES;
				CLANG_ENABLE_OBJC_WEAK = YES;
				CLANG_WARN_BLOCK_CAPTURE_AUTORELEASING = YES;
				CLANG_WARN_BOOL_CONVERSION = YES;
				CLANG_WARN_COMMA = YES;
				CLANG_WARN_CONSTANT_CONVERSION = YES;
				CLANG_WARN_DEPRECATED_OBJC_IMPLEMENTATIONS = YES;
				CLANG_WARN_DIRECT_OBJC_ISA_USAGE = YES_ERROR;
				CLANG_WARN_DOCUMENTATION_COMMENTS = YES;
				CLANG_WARN_EMPTY_BODY = YES;
				CLANG_WARN_ENUM_CONVERSION = YES;
				CLANG_WARN_INFINITE_RECURSION = YES;
				CLANG_WARN_INT_CONVERSION = YES;
				CLANG_WARN_NON_LITERAL_NULL_CONVERSION = YES;
				CLANG_WARN_OBJC_IMPLICIT_RETAIN_SELF = YES;
				CLANG_WARN_OBJC_LITERAL_CONVERSION = YES;
				CLANG_WARN_OBJC_ROOT_CLASS = YES_ERROR;
				CLANG_WARN_QUOTED_INCLUDE_IN_FRAMEWORK_HEADER = YES;
				CLANG_WARN_RANGE_LOOP_ANALYSIS = YES;
				CLANG_WARN_STRICT_PROTOTYPES = YES;
				CLANG_WARN_SUSPICIOUS_MOVE = YES;
				CLANG_WARN_UNGUARDED_AVAILABILITY = YES_AGGRESSIVE;
				CLANG_WARN_UNREACHABLE_CODE = YES;
				CLANG_WARN__DUPLICATE_METHOD_MATCH = YES;
				COPY_PHASE_STRIP = NO;
				DEBUG_INFORMATION_FORMAT = dwarf;
				ENABLE_STRICT_OBJC_MSGSEND = YES;
				ENABLE_TESTABILITY = YES;
				GCC_C_LANGUAGE_STANDARD = gnu11;
				GCC_DYNAMIC_NO_PIC = NO;
				GCC_NO_COMMON_BLOCKS = YES;
				GCC_OPTIMIZATION_LEVEL = 0;
				GCC_PREPROCESSOR_DEFINITIONS = (
					"DEBUG=1",
					"$(inherited)",
				);
				GCC_WARN_64_TO_32_BIT_CONVERSION = YES;
				GCC_WARN_ABOUT_RETURN_TYPE = YES_ERROR;
				GCC_WARN_UNDECLARED_SELECTOR = YES;
				GCC_WARN_UNINITIALIZED_AUTOS = YES_AGGRESSIVE;
				GCC_WARN_UNUSED_FUNCTION = YES;
				GCC_WARN_UNUSED_VARIABLE = YES;
				IPHONEOS_DEPLOYMENT_TARGET = 14.0;
				MTL_ENABLE_DEBUG_INFO = INCLUDE_SOURCE;
				MTL_FAST_MATH = YES;
				ONLY_ACTIVE_ARCH = YES;
				SDKROOT = iphoneos;
				SWIFT_ACTIVE_COMPILATION_CONDITIONS = DEBUG;
				SWIFT_OPTIMIZATION_LEVEL = "-Onone";
			};
			name = Debug;
		};
		6766257925EF3B9C00FB4707 /* Release */ = {
			isa = XCBuildConfiguration;
			buildSettings = {
				ALWAYS_SEARCH_USER_PATHS = NO;
				CLANG_ANALYZER_NONNULL = YES;
				CLANG_ANALYZER_NUMBER_OBJECT_CONVERSION = YES_AGGRESSIVE;
				CLANG_CXX_LANGUAGE_STANDARD = "gnu++14";
				CLANG_CXX_LIBRARY = "libc++";
				CLANG_ENABLE_MODULES = YES;
				CLANG_ENABLE_OBJC_ARC = YES;
				CLANG_ENABLE_OBJC_WEAK = YES;
				CLANG_WARN_BLOCK_CAPTURE_AUTORELEASING = YES;
				CLANG_WARN_BOOL_CONVERSION = YES;
				CLANG_WARN_COMMA = YES;
				CLANG_WARN_CONSTANT_CONVERSION = YES;
				CLANG_WARN_DEPRECATED_OBJC_IMPLEMENTATIONS = YES;
				CLANG_WARN_DIRECT_OBJC_ISA_USAGE = YES_ERROR;
				CLANG_WARN_DOCUMENTATION_COMMENTS = YES;
				CLANG_WARN_EMPTY_BODY = YES;
				CLANG_WARN_ENUM_CONVERSION = YES;
				CLANG_WARN_INFINITE_RECURSION = YES;
				CLANG_WARN_INT_CONVERSION = YES;
				CLANG_WARN_NON_LITERAL_NULL_CONVERSION = YES;
				CLANG_WARN_OBJC_IMPLICIT_RETAIN_SELF = YES;
				CLANG_WARN_OBJC_LITERAL_CONVERSION = YES;
				CLANG_WARN_OBJC_ROOT_CLASS = YES_ERROR;
				CLANG_WARN_QUOTED_INCLUDE_IN_FRAMEWORK_HEADER = YES;
				CLANG_WARN_RANGE_LOOP_ANALYSIS = YES;
				CLANG_WARN_STRICT_PROTOTYPES = YES;
				CLANG_WARN_SUSPICIOUS_MOVE = YES;
				CLANG_WARN_UNGUARDED_AVAILABILITY = YES_AGGRESSIVE;
				CLANG_WARN_UNREACHABLE_CODE = YES;
				CLANG_WARN__DUPLICATE_METHOD_MATCH = YES;
				COPY_PHASE_STRIP = NO;
				DEBUG_INFORMATION_FORMAT = "dwarf-with-dsym";
				ENABLE_NS_ASSERTIONS = NO;
				ENABLE_STRICT_OBJC_MSGSEND = YES;
				GCC_C_LANGUAGE_STANDARD = gnu11;
				GCC_NO_COMMON_BLOCKS = YES;
				GCC_WARN_64_TO_32_BIT_CONVERSION = YES;
				GCC_WARN_ABOUT_RETURN_TYPE = YES_ERROR;
				GCC_WARN_UNDECLARED_SELECTOR = YES;
				GCC_WARN_UNINITIALIZED_AUTOS = YES_AGGRESSIVE;
				GCC_WARN_UNUSED_FUNCTION = YES;
				GCC_WARN_UNUSED_VARIABLE = YES;
				IPHONEOS_DEPLOYMENT_TARGET = 14.0;
				MTL_ENABLE_DEBUG_INFO = NO;
				MTL_FAST_MATH = YES;
				SDKROOT = iphoneos;
				SWIFT_COMPILATION_MODE = wholemodule;
				SWIFT_OPTIMIZATION_LEVEL = "-O";
				VALIDATE_PRODUCT = YES;
			};
			name = Release;
		};
		6766257B25EF3B9C00FB4707 /* Debug */ = {
			isa = XCBuildConfiguration;
			buildSettings = {
				ASSETCATALOG_COMPILER_APPICON_NAME = AppIcon;
				ASSETCATALOG_COMPILER_GLOBAL_ACCENT_COLOR_NAME = AccentColor;
				CODE_SIGN_STYLE = Automatic;
				DEVELOPMENT_ASSET_PATHS = "\"Landmarks/Preview Content\"";
				DEVELOPMENT_TEAM = PGB286F8G9;
				ENABLE_PREVIEWS = YES;
				INFOPLIST_FILE = Landmarks/Info.plist;
				IPHONEOS_DEPLOYMENT_TARGET = 14.0;
				LD_RUNPATH_SEARCH_PATHS = (
					"$(inherited)",
					"@executable_path/Frameworks",
				);
				PRODUCT_BUNDLE_IDENTIFIER = com.sofiaro.Landmarks;
				PRODUCT_NAME = "$(TARGET_NAME)";
				SWIFT_VERSION = 5.0;
				TARGETED_DEVICE_FAMILY = "1,2";
			};
			name = Debug;
		};
		6766257C25EF3B9C00FB4707 /* Release */ = {
			isa = XCBuildConfiguration;
			buildSettings = {
				ASSETCATALOG_COMPILER_APPICON_NAME = AppIcon;
				ASSETCATALOG_COMPILER_GLOBAL_ACCENT_COLOR_NAME = AccentColor;
				CODE_SIGN_STYLE = Automatic;
				DEVELOPMENT_ASSET_PATHS = "\"Landmarks/Preview Content\"";
				DEVELOPMENT_TEAM = PGB286F8G9;
				ENABLE_PREVIEWS = YES;
				INFOPLIST_FILE = Landmarks/Info.plist;
				IPHONEOS_DEPLOYMENT_TARGET = 14.0;
				LD_RUNPATH_SEARCH_PATHS = (
					"$(inherited)",
					"@executable_path/Frameworks",
				);
				PRODUCT_BUNDLE_IDENTIFIER = com.sofiaro.Landmarks;
				PRODUCT_NAME = "$(TARGET_NAME)";
				SWIFT_VERSION = 5.0;
				TARGETED_DEVICE_FAMILY = "1,2";
			};
			name = Release;
		};
/* End XCBuildConfiguration section */

/* Begin XCConfigurationList section */
		6766256625EF3B9A00FB4707 /* Build configuration list for PBXProject "Landmarks" */ = {
			isa = XCConfigurationList;
			buildConfigurations = (
				6766257825EF3B9C00FB4707 /* Debug */,
				6766257925EF3B9C00FB4707 /* Release */,
			);
			defaultConfigurationIsVisible = 0;
			defaultConfigurationName = Release;
		};
		6766257A25EF3B9C00FB4707 /* Build configuration list for PBXNativeTarget "Landmarks" */ = {
			isa = XCConfigurationList;
			buildConfigurations = (
				6766257B25EF3B9C00FB4707 /* Debug */,
				6766257C25EF3B9C00FB4707 /* Release */,
			);
			defaultConfigurationIsVisible = 0;
			defaultConfigurationName = Release;
		};
/* End XCConfigurationList section */
	};
	rootObject = 6766256325EF3B9A00FB4707 /* Project object */;
}
